
Microsoft Visual Studio Solution File, Format Version 12.00
# Visual Studio Version 17
VisualStudioVersion = 17.14.36221.1 d17.14
MinimumVisualStudioVersion = 10.0.40219.1
Project("{FAE04EC0-301F-11D3-BF4B-00C04F79EFBC}") = "UserService", "UserService\UserService.csproj", "{5160036C-7796-495C-88D5-A2E85349ECC6}"
EndProject
Project("{FAE04EC0-301F-11D3-BF4B-00C04F79EFBC}") = "AuthService", "AuthService\AuthService.csproj", "{9FD5F5C6-0718-4916-9E77-BB7E400D9FD1}"
EndProject
Global
	GlobalSection(SolutionConfigurationPlatforms) = preSolution
		Debug|Any CPU = Debug|Any CPU
		Release|Any CPU = Release|Any CPU
	EndGlobalSection
	GlobalSection(ProjectConfigurationPlatforms) = postSolution
		{5160036C-7796-495C-88D5-A2E85349ECC6}.Debug|Any CPU.ActiveCfg = Debug|Any CPU
		{5160036C-7796-495C-88D5-A2E85349ECC6}.Debug|Any CPU.Build.0 = Debug|Any CPU
		{5160036C-7796-495C-88D5-A2E85349ECC6}.Release|Any CPU.ActiveCfg = Release|Any CPU
		{5160036C-7796-495C-88D5-A2E85349ECC6}.Release|Any CPU.Build.0 = Release|Any CPU
		{9FD5F5C6-0718-4916-9E77-BB7E400D9FD1}.Debug|Any CPU.ActiveCfg = Debug|Any CPU
		{9FD5F5C6-0718-4916-9E77-BB7E400D9FD1}.Debug|Any CPU.Build.0 = Debug|Any CPU
		{9FD5F5C6-0718-4916-9E77-BB7E400D9FD1}.Release|Any CPU.ActiveCfg = Release|Any CPU
		{9FD5F5C6-0718-4916-9E77-BB7E400D9FD1}.Release|Any CPU.Build.0 = Release|Any CPU
	EndGlobalSection
	GlobalSection(SolutionProperties) = preSolution
		HideSolutionNode = FALSE
	EndGlobalSection
	GlobalSection(ExtensibilityGlobals) = postSolution
		SolutionGuid = {029D0AEC-D216-45B9-87E7-F44E19015E07}
	EndGlobalSection
EndGlobal
